
Microsoft Visual Studio Solution File, Format Version 12.00
# Visual Studio Version 17
VisualStudioVersion = 17.5.002.0
MinimumVisualStudioVersion = 10.0.40219.1
Project("{9A19103F-16F7-4668-BE54-9A1E7A4F7556}") = "DesafioProjetoHospedagem", "DesafioProjetoHospedagem.csproj", "{6E91AA5E-6BA6-4EB4-8C2E-A4EEF36B5778}"
EndProject
Global
	GlobalSection(SolutionConfigurationPlatforms) = preSolution
		Debug|Any CPU = Debug|Any CPU
		Release|Any CPU = Release|Any CPU
	EndGlobalSection
	GlobalSection(ProjectConfigurationPlatforms) = postSolution
		{6E91AA5E-6BA6-4EB4-8C2E-A4EEF36B5778}.Debug|Any CPU.ActiveCfg = Debug|Any CPU
		{6E91AA5E-6BA6-4EB4-8C2E-A4EEF36B5778}.Debug|Any CPU.Build.0 = Debug|Any CPU
		{6E91AA5E-6BA6-4EB4-8C2E-A4EEF36B5778}.Release|Any CPU.ActiveCfg = Release|Any CPU
		{6E91AA5E-6BA6-4EB4-8C2E-A4EEF36B5778}.Release|Any CPU.Build.0 = Release|Any CPU
	EndGlobalSection
	GlobalSection(SolutionProperties) = preSolution
		HideSolutionNode = FALSE
	EndGlobalSection
	GlobalSection(ExtensibilityGlobals) = postSolution
		SolutionGuid = {CA27C4DA-C807-4D88-B644-776C0BBD4EE6}
	EndGlobalSection
EndGlobal
